// !$*UTF8*$!
{
	archiveVersion = 1;
	classes = {
	};
	objectVersion = 46;
	objects = {

/* Begin PBXBuildFile section */
		984FC9351AD5C402002B3233 /* AppDelegate.m in Sources */ = {isa = PBXBuildFile; fileRef = 984FC9341AD5C402002B3233 /* AppDelegate.m */; };
		984FC9371AD5C402002B3233 /* main.m in Sources */ = {isa = PBXBuildFile; fileRef = 984FC9361AD5C402002B3233 /* main.m */; };
		984FC93C1AD5C402002B3233 /* Images.xcassets in Resources */ = {isa = PBXBuildFile; fileRef = 984FC93B1AD5C402002B3233 /* Images.xcassets */; };
		984FC93F1AD5C402002B3233 /* Main.storyboard in Resources */ = {isa = PBXBuildFile; fileRef = 984FC93D1AD5C402002B3233 /* Main.storyboard */; };
		984FC94B1AD5C402002B3233 /* ev3_ccTests.m in Sources */ = {isa = PBXBuildFile; fileRef = 984FC94A1AD5C402002B3233 /* ev3_ccTests.m */; };
		984FC9811AD5C622002B3233 /* DDAbstractDatabaseLogger.m in Sources */ = {isa = PBXBuildFile; fileRef = 984FC9721AD5C622002B3233 /* DDAbstractDatabaseLogger.m */; };
		984FC9821AD5C622002B3233 /* DDASLLogger.m in Sources */ = {isa = PBXBuildFile; fileRef = 984FC9741AD5C622002B3233 /* DDASLLogger.m */; };
		984FC9831AD5C622002B3233 /* DDFileLogger.m in Sources */ = {isa = PBXBuildFile; fileRef = 984FC9761AD5C622002B3233 /* DDFileLogger.m */; };
		984FC9841AD5C622002B3233 /* DDLog.m in Sources */ = {isa = PBXBuildFile; fileRef = 984FC9781AD5C622002B3233 /* DDLog.m */; };
		984FC9851AD5C622002B3233 /* DDTTYLogger.m in Sources */ = {isa = PBXBuildFile; fileRef = 984FC97A1AD5C622002B3233 /* DDTTYLogger.m */; };
		984FC9861AD5C622002B3233 /* ContextFilterLogFormatter.m in Sources */ = {isa = PBXBuildFile; fileRef = 984FC97D1AD5C622002B3233 /* ContextFilterLogFormatter.m */; };
		984FC9871AD5C622002B3233 /* DispatchQueueLogFormatter.m in Sources */ = {isa = PBXBuildFile; fileRef = 984FC97F1AD5C622002B3233 /* DispatchQueueLogFormatter.m */; };
		984FC9881AD5C622002B3233 /* README.txt in Resources */ = {isa = PBXBuildFile; fileRef = 984FC9801AD5C622002B3233 /* README.txt */; };
		984FC98C1AD5C65E002B3233 /* GCDAsyncSocket.m in Sources */ = {isa = PBXBuildFile; fileRef = 984FC98B1AD5C65E002B3233 /* GCDAsyncSocket.m */; };
		984FC98E1AD5C677002B3233 /* Security.framework in Frameworks */ = {isa = PBXBuildFile; fileRef = 984FC98D1AD5C677002B3233 /* Security.framework */; };
		984FC9931AD5C715002B3233 /* libidn.a in Frameworks */ = {isa = PBXBuildFile; fileRef = 984FC9911AD5C715002B3233 /* libidn.a */; };
		984FC9D31AD5C767002B3233 /* XMPPAnonymousAuthentication.m in Sources */ = {isa = PBXBuildFile; fileRef = 984FC9971AD5C767002B3233 /* XMPPAnonymousAuthentication.m */; };
		984FC9D41AD5C767002B3233 /* XMPPDeprecatedDigestAuthentication.m in Sources */ = {isa = PBXBuildFile; fileRef = 984FC99A1AD5C767002B3233 /* XMPPDeprecatedDigestAuthentication.m */; };
		984FC9D51AD5C767002B3233 /* XMPPDeprecatedPlainAuthentication.m in Sources */ = {isa = PBXBuildFile; fileRef = 984FC99D1AD5C767002B3233 /* XMPPDeprecatedPlainAuthentication.m */; };
		984FC9D61AD5C767002B3233 /* XMPPDigestMD5Authentication.m in Sources */ = {isa = PBXBuildFile; fileRef = 984FC9A01AD5C767002B3233 /* XMPPDigestMD5Authentication.m */; };
		984FC9D71AD5C767002B3233 /* XMPPPlainAuthentication.m in Sources */ = {isa = PBXBuildFile; fileRef = 984FC9A31AD5C767002B3233 /* XMPPPlainAuthentication.m */; };
		984FC9D81AD5C767002B3233 /* XMPPXFacebookPlatformAuthentication.m in Sources */ = {isa = PBXBuildFile; fileRef = 984FC9A61AD5C767002B3233 /* XMPPXFacebookPlatformAuthentication.m */; };
		984FC9D91AD5C767002B3233 /* XMPPXOAuth2Google.m in Sources */ = {isa = PBXBuildFile; fileRef = 984FC9A91AD5C767002B3233 /* XMPPXOAuth2Google.m */; };
		984FC9DA1AD5C767002B3233 /* NSData+XMPP.m in Sources */ = {isa = PBXBuildFile; fileRef = 984FC9AD1AD5C767002B3233 /* NSData+XMPP.m */; };
		984FC9DB1AD5C767002B3233 /* NSNumber+XMPP.m in Sources */ = {isa = PBXBuildFile; fileRef = 984FC9AF1AD5C767002B3233 /* NSNumber+XMPP.m */; };
		984FC9DC1AD5C767002B3233 /* NSXMLElement+XMPP.m in Sources */ = {isa = PBXBuildFile; fileRef = 984FC9B11AD5C767002B3233 /* NSXMLElement+XMPP.m */; };
		984FC9DD1AD5C767002B3233 /* XMPPElement.m in Sources */ = {isa = PBXBuildFile; fileRef = 984FC9B51AD5C767002B3233 /* XMPPElement.m */; };
		984FC9DE1AD5C767002B3233 /* XMPPIQ.m in Sources */ = {isa = PBXBuildFile; fileRef = 984FC9B81AD5C767002B3233 /* XMPPIQ.m */; };
		984FC9DF1AD5C767002B3233 /* XMPPJID.m in Sources */ = {isa = PBXBuildFile; fileRef = 984FC9BA1AD5C767002B3233 /* XMPPJID.m */; };
		984FC9E01AD5C767002B3233 /* XMPPMessage.m in Sources */ = {isa = PBXBuildFile; fileRef = 984FC9BD1AD5C767002B3233 /* XMPPMessage.m */; };
		984FC9E11AD5C767002B3233 /* XMPPModule.m in Sources */ = {isa = PBXBuildFile; fileRef = 984FC9BF1AD5C767002B3233 /* XMPPModule.m */; };
		984FC9E21AD5C767002B3233 /* XMPPParser.m in Sources */ = {isa = PBXBuildFile; fileRef = 984FC9C11AD5C767002B3233 /* XMPPParser.m */; };
		984FC9E31AD5C767002B3233 /* XMPPPresence.m in Sources */ = {isa = PBXBuildFile; fileRef = 984FC9C31AD5C767002B3233 /* XMPPPresence.m */; };
		984FC9E41AD5C767002B3233 /* XMPPStream.m in Sources */ = {isa = PBXBuildFile; fileRef = 984FC9C51AD5C767002B3233 /* XMPPStream.m */; };
		984FC9E51AD5C767002B3233 /* DDList.m in Sources */ = {isa = PBXBuildFile; fileRef = 984FC9C81AD5C767002B3233 /* DDList.m */; };
		984FC9E61AD5C767002B3233 /* GCDMulticastDelegate.m in Sources */ = {isa = PBXBuildFile; fileRef = 984FC9CA1AD5C767002B3233 /* GCDMulticastDelegate.m */; };
		984FC9E71AD5C767002B3233 /* RFImageToDataTransformer.m in Sources */ = {isa = PBXBuildFile; fileRef = 984FC9CC1AD5C767002B3233 /* RFImageToDataTransformer.m */; };
		984FC9E81AD5C767002B3233 /* XMPPIDTracker.m in Sources */ = {isa = PBXBuildFile; fileRef = 984FC9CE1AD5C767002B3233 /* XMPPIDTracker.m */; };
		984FC9E91AD5C767002B3233 /* XMPPSRVResolver.m in Sources */ = {isa = PBXBuildFile; fileRef = 984FC9D01AD5C767002B3233 /* XMPPSRVResolver.m */; };
		984FC9EA1AD5C767002B3233 /* XMPPStringPrep.m in Sources */ = {isa = PBXBuildFile; fileRef = 984FC9D21AD5C767002B3233 /* XMPPStringPrep.m */; };
		984FC9EC1AD5C77F002B3233 /* libresolv.dylib in Frameworks */ = {isa = PBXBuildFile; fileRef = 984FC9EB1AD5C77F002B3233 /* libresolv.dylib */; };
		98514A421ADC592500A74087 /* DeviceViewController.m in Sources */ = {isa = PBXBuildFile; fileRef = 98514A411ADC592500A74087 /* DeviceViewController.m */; };
		988EF6C81ADA971E00ED30C2 /* SignInViewController.m in Sources */ = {isa = PBXBuildFile; fileRef = 988EF6C71ADA971E00ED30C2 /* SignInViewController.m */; };
		988EF6CB1ADA972E00ED30C2 /* DashboardViewController.m in Sources */ = {isa = PBXBuildFile; fileRef = 988EF6CA1ADA972E00ED30C2 /* DashboardViewController.m */; };
		988EF7281ADAD68600ED30C2 /* XMPPRoom.xcdatamodeld in Sources */ = {isa = PBXBuildFile; fileRef = 988EF7061ADAD68600ED30C2 /* XMPPRoom.xcdatamodeld */; };
		988EF7291ADAD68600ED30C2 /* XMPPRoomCoreDataStorage.m in Sources */ = {isa = PBXBuildFile; fileRef = 988EF7091ADAD68600ED30C2 /* XMPPRoomCoreDataStorage.m */; };
		988EF72A1ADAD68600ED30C2 /* XMPPRoomMessageCoreDataStorageObject.m in Sources */ = {isa = PBXBuildFile; fileRef = 988EF70B1ADAD68600ED30C2 /* XMPPRoomMessageCoreDataStorageObject.m */; };
		988EF72B1ADAD68600ED30C2 /* XMPPRoomOccupantCoreDataStorageObject.m in Sources */ = {isa = PBXBuildFile; fileRef = 988EF70D1ADAD68600ED30C2 /* XMPPRoomOccupantCoreDataStorageObject.m */; };
		988EF72C1ADAD68600ED30C2 /* XMPPRoomHybrid.xcdatamodeld in Sources */ = {isa = PBXBuildFile; fileRef = 988EF70F1ADAD68600ED30C2 /* XMPPRoomHybrid.xcdatamodeld */; };
		988EF72D1ADAD68600ED30C2 /* XMPPRoomHybridStorage.m in Sources */ = {isa = PBXBuildFile; fileRef = 988EF7121ADAD68600ED30C2 /* XMPPRoomHybridStorage.m */; };
		988EF72E1ADAD68600ED30C2 /* XMPPRoomMessageHybridCoreDataStorageObject.m in Sources */ = {isa = PBXBuildFile; fileRef = 988EF7151ADAD68600ED30C2 /* XMPPRoomMessageHybridCoreDataStorageObject.m */; };
		988EF72F1ADAD68600ED30C2 /* XMPPRoomOccupantHybridMemoryStorageObject.m in Sources */ = {isa = PBXBuildFile; fileRef = 988EF7171ADAD68600ED30C2 /* XMPPRoomOccupantHybridMemoryStorageObject.m */; };
		988EF7301ADAD68600ED30C2 /* XMPPRoomMemoryStorage.m in Sources */ = {isa = PBXBuildFile; fileRef = 988EF71A1ADAD68600ED30C2 /* XMPPRoomMemoryStorage.m */; };
		988EF7311ADAD68600ED30C2 /* XMPPRoomMessageMemoryStorageObject.m in Sources */ = {isa = PBXBuildFile; fileRef = 988EF71C1ADAD68600ED30C2 /* XMPPRoomMessageMemoryStorageObject.m */; };
		988EF7321ADAD68600ED30C2 /* XMPPRoomOccupantMemoryStorageObject.m in Sources */ = {isa = PBXBuildFile; fileRef = 988EF71E1ADAD68600ED30C2 /* XMPPRoomOccupantMemoryStorageObject.m */; };
		988EF7331ADAD68600ED30C2 /* XMPPMessage+XEP0045.m in Sources */ = {isa = PBXBuildFile; fileRef = 988EF7201ADAD68600ED30C2 /* XMPPMessage+XEP0045.m */; };
		988EF7341ADAD68600ED30C2 /* XMPPMUC.m in Sources */ = {isa = PBXBuildFile; fileRef = 988EF7221ADAD68600ED30C2 /* XMPPMUC.m */; };
		988EF7351ADAD68600ED30C2 /* XMPPRoom.m in Sources */ = {isa = PBXBuildFile; fileRef = 988EF7241ADAD68600ED30C2 /* XMPPRoom.m */; };
		988EF7391ADAD6BE00ED30C2 /* NSXMLElement+XEP_0203.m in Sources */ = {isa = PBXBuildFile; fileRef = 988EF7381ADAD6BE00ED30C2 /* NSXMLElement+XEP_0203.m */; };
		988EF73F1ADAD6FD00ED30C2 /* NSDate+XMPPDateTimeProfiles.m in Sources */ = {isa = PBXBuildFile; fileRef = 988EF73C1ADAD6FD00ED30C2 /* NSDate+XMPPDateTimeProfiles.m */; };
		988EF7401ADAD6FD00ED30C2 /* XMPPDateTimeProfiles.m in Sources */ = {isa = PBXBuildFile; fileRef = 988EF73E1ADAD6FD00ED30C2 /* XMPPDateTimeProfiles.m */; };
		988EF7451ADAD74A00ED30C2 /* XMPPCoreDataStorage.m in Sources */ = {isa = PBXBuildFile; fileRef = 988EF7431ADAD74A00ED30C2 /* XMPPCoreDataStorage.m */; };
		988EF74A1ADAFB6300ED30C2 /* EV3Device.m in Sources */ = {isa = PBXBuildFile; fileRef = 988EF7491ADAFB6300ED30C2 /* EV3Device.m */; };
		98E043B81ADD661400AD9F5B /* CorePlot.framework in Frameworks */ = {isa = PBXBuildFile; fileRef = 98E043B71ADD661400AD9F5B /* CorePlot.framework */; };
		98E043BC1ADD67CA00AD9F5B /* RealTimePlot.m in Sources */ = {isa = PBXBuildFile; fileRef = 98E043BB1ADD67CA00AD9F5B /* RealTimePlot.m */; };
		98E043BF1ADD67E500AD9F5B /* PlotItem.m in Sources */ = {isa = PBXBuildFile; fileRef = 98E043BE1ADD67E500AD9F5B /* PlotItem.m */; };
		98E043C11ADD697F00AD9F5B /* CorePlot.framework in CopyFiles */ = {isa = PBXBuildFile; fileRef = 98E043B71ADD661400AD9F5B /* CorePlot.framework */; settings = {ATTRIBUTES = (CodeSignOnCopy, RemoveHeadersOnCopy, ); }; };
/* End PBXBuildFile section */

/* Begin PBXContainerItemProxy section */
		984FC9451AD5C402002B3233 /* PBXContainerItemProxy */ = {
			isa = PBXContainerItemProxy;
			containerPortal = 984FC9261AD5C402002B3233 /* Project object */;
			proxyType = 1;
			remoteGlobalIDString = 984FC92D1AD5C402002B3233;
			remoteInfo = ev3_cc;
		};
/* End PBXContainerItemProxy section */

/* Begin PBXCopyFilesBuildPhase section */
		98E043C01ADD697700AD9F5B /* CopyFiles */ = {
			isa = PBXCopyFilesBuildPhase;
			buildActionMask = 2147483647;
			dstPath = "";
			dstSubfolderSpec = 10;
			files = (
				98E043C11ADD697F00AD9F5B /* CorePlot.framework in CopyFiles */,
			);
			runOnlyForDeploymentPostprocessing = 0;
		};
/* End PBXCopyFilesBuildPhase section */

/* Begin PBXFileReference section */
		984FC92E1AD5C402002B3233 /* ev3_cc.app */ = {isa = PBXFileReference; explicitFileType = wrapper.application; includeInIndex = 0; path = ev3_cc.app; sourceTree = BUILT_PRODUCTS_DIR; };
		984FC9321AD5C402002B3233 /* Info.plist */ = {isa = PBXFileReference; lastKnownFileType = text.plist.xml; path = Info.plist; sourceTree = "<group>"; };
		984FC9331AD5C402002B3233 /* AppDelegate.h */ = {isa = PBXFileReference; lastKnownFileType = sourcecode.c.h; path = AppDelegate.h; sourceTree = "<group>"; };
		984FC9341AD5C402002B3233 /* AppDelegate.m */ = {isa = PBXFileReference; lastKnownFileType = sourcecode.c.objc; path = AppDelegate.m; sourceTree = "<group>"; };
		984FC9361AD5C402002B3233 /* main.m */ = {isa = PBXFileReference; lastKnownFileType = sourcecode.c.objc; path = main.m; sourceTree = "<group>"; };
		984FC93B1AD5C402002B3233 /* Images.xcassets */ = {isa = PBXFileReference; lastKnownFileType = folder.assetcatalog; path = Images.xcassets; sourceTree = "<group>"; };
		984FC93E1AD5C402002B3233 /* Base */ = {isa = PBXFileReference; lastKnownFileType = file.storyboard; name = Base; path = Base.lproj/Main.storyboard; sourceTree = "<group>"; };
		984FC9441AD5C402002B3233 /* ev3_ccTests.xctest */ = {isa = PBXFileReference; explicitFileType = wrapper.cfbundle; includeInIndex = 0; path = ev3_ccTests.xctest; sourceTree = BUILT_PRODUCTS_DIR; };
		984FC9491AD5C402002B3233 /* Info.plist */ = {isa = PBXFileReference; lastKnownFileType = text.plist.xml; path = Info.plist; sourceTree = "<group>"; };
		984FC94A1AD5C402002B3233 /* ev3_ccTests.m */ = {isa = PBXFileReference; lastKnownFileType = sourcecode.c.objc; path = ev3_ccTests.m; sourceTree = "<group>"; };
		984FC9711AD5C622002B3233 /* DDAbstractDatabaseLogger.h */ = {isa = PBXFileReference; fileEncoding = 4; lastKnownFileType = sourcecode.c.h; path = DDAbstractDatabaseLogger.h; sourceTree = "<group>"; };
		984FC9721AD5C622002B3233 /* DDAbstractDatabaseLogger.m */ = {isa = PBXFileReference; fileEncoding = 4; lastKnownFileType = sourcecode.c.objc; path = DDAbstractDatabaseLogger.m; sourceTree = "<group>"; };
		984FC9731AD5C622002B3233 /* DDASLLogger.h */ = {isa = PBXFileReference; fileEncoding = 4; lastKnownFileType = sourcecode.c.h; path = DDASLLogger.h; sourceTree = "<group>"; };
		984FC9741AD5C622002B3233 /* DDASLLogger.m */ = {isa = PBXFileReference; fileEncoding = 4; lastKnownFileType = sourcecode.c.objc; path = DDASLLogger.m; sourceTree = "<group>"; };
		984FC9751AD5C622002B3233 /* DDFileLogger.h */ = {isa = PBXFileReference; fileEncoding = 4; lastKnownFileType = sourcecode.c.h; path = DDFileLogger.h; sourceTree = "<group>"; };
		984FC9761AD5C622002B3233 /* DDFileLogger.m */ = {isa = PBXFileReference; fileEncoding = 4; lastKnownFileType = sourcecode.c.objc; path = DDFileLogger.m; sourceTree = "<group>"; };
		984FC9771AD5C622002B3233 /* DDLog.h */ = {isa = PBXFileReference; fileEncoding = 4; lastKnownFileType = sourcecode.c.h; path = DDLog.h; sourceTree = "<group>"; };
		984FC9781AD5C622002B3233 /* DDLog.m */ = {isa = PBXFileReference; fileEncoding = 4; lastKnownFileType = sourcecode.c.objc; path = DDLog.m; sourceTree = "<group>"; };
		984FC9791AD5C622002B3233 /* DDTTYLogger.h */ = {isa = PBXFileReference; fileEncoding = 4; lastKnownFileType = sourcecode.c.h; path = DDTTYLogger.h; sourceTree = "<group>"; };
		984FC97A1AD5C622002B3233 /* DDTTYLogger.m */ = {isa = PBXFileReference; fileEncoding = 4; lastKnownFileType = sourcecode.c.objc; path = DDTTYLogger.m; sourceTree = "<group>"; };
		984FC97C1AD5C622002B3233 /* ContextFilterLogFormatter.h */ = {isa = PBXFileReference; fileEncoding = 4; lastKnownFileType = sourcecode.c.h; path = ContextFilterLogFormatter.h; sourceTree = "<group>"; };
		984FC97D1AD5C622002B3233 /* ContextFilterLogFormatter.m */ = {isa = PBXFileReference; fileEncoding = 4; lastKnownFileType = sourcecode.c.objc; path = ContextFilterLogFormatter.m; sourceTree = "<group>"; };
		984FC97E1AD5C622002B3233 /* DispatchQueueLogFormatter.h */ = {isa = PBXFileReference; fileEncoding = 4; lastKnownFileType = sourcecode.c.h; path = DispatchQueueLogFormatter.h; sourceTree = "<group>"; };
		984FC97F1AD5C622002B3233 /* DispatchQueueLogFormatter.m */ = {isa = PBXFileReference; fileEncoding = 4; lastKnownFileType = sourcecode.c.objc; path = DispatchQueueLogFormatter.m; sourceTree = "<group>"; };
		984FC9801AD5C622002B3233 /* README.txt */ = {isa = PBXFileReference; fileEncoding = 4; lastKnownFileType = text; path = README.txt; sourceTree = "<group>"; };
		984FC98A1AD5C65E002B3233 /* GCDAsyncSocket.h */ = {isa = PBXFileReference; fileEncoding = 4; lastKnownFileType = sourcecode.c.h; path = GCDAsyncSocket.h; sourceTree = "<group>"; };
		984FC98B1AD5C65E002B3233 /* GCDAsyncSocket.m */ = {isa = PBXFileReference; fileEncoding = 4; lastKnownFileType = sourcecode.c.objc; path = GCDAsyncSocket.m; sourceTree = "<group>"; };
		984FC98D1AD5C677002B3233 /* Security.framework */ = {isa = PBXFileReference; lastKnownFileType = wrapper.framework; name = Security.framework; path = System/Library/Frameworks/Security.framework; sourceTree = SDKROOT; };
		984FC9901AD5C715002B3233 /* idn-int.h */ = {isa = PBXFileReference; fileEncoding = 4; lastKnownFileType = sourcecode.c.h; path = "idn-int.h"; sourceTree = "<group>"; };
		984FC9911AD5C715002B3233 /* libidn.a */ = {isa = PBXFileReference; lastKnownFileType = archive.ar; path = libidn.a; sourceTree = "<group>"; };
		984FC9921AD5C715002B3233 /* stringprep.h */ = {isa = PBXFileReference; fileEncoding = 4; lastKnownFileType = sourcecode.c.h; path = stringprep.h; sourceTree = "<group>"; };
		984FC9961AD5C767002B3233 /* XMPPAnonymousAuthentication.h */ = {isa = PBXFileReference; fileEncoding = 4; lastKnownFileType = sourcecode.c.h; path = XMPPAnonymousAuthentication.h; sourceTree = "<group>"; };
		984FC9971AD5C767002B3233 /* XMPPAnonymousAuthentication.m */ = {isa = PBXFileReference; fileEncoding = 4; lastKnownFileType = sourcecode.c.objc; path = XMPPAnonymousAuthentication.m; sourceTree = "<group>"; };
		984FC9991AD5C767002B3233 /* XMPPDeprecatedDigestAuthentication.h */ = {isa = PBXFileReference; fileEncoding = 4; lastKnownFileType = sourcecode.c.h; path = XMPPDeprecatedDigestAuthentication.h; sourceTree = "<group>"; };
		984FC99A1AD5C767002B3233 /* XMPPDeprecatedDigestAuthentication.m */ = {isa = PBXFileReference; fileEncoding = 4; lastKnownFileType = sourcecode.c.objc; path = XMPPDeprecatedDigestAuthentication.m; sourceTree = "<group>"; };
		984FC99C1AD5C767002B3233 /* XMPPDeprecatedPlainAuthentication.h */ = {isa = PBXFileReference; fileEncoding = 4; lastKnownFileType = sourcecode.c.h; path = XMPPDeprecatedPlainAuthentication.h; sourceTree = "<group>"; };
		984FC99D1AD5C767002B3233 /* XMPPDeprecatedPlainAuthentication.m */ = {isa = PBXFileReference; fileEncoding = 4; lastKnownFileType = sourcecode.c.objc; path = XMPPDeprecatedPlainAuthentication.m; sourceTree = "<group>"; };
		984FC99F1AD5C767002B3233 /* XMPPDigestMD5Authentication.h */ = {isa = PBXFileReference; fileEncoding = 4; lastKnownFileType = sourcecode.c.h; path = XMPPDigestMD5Authentication.h; sourceTree = "<group>"; };
		984FC9A01AD5C767002B3233 /* XMPPDigestMD5Authentication.m */ = {isa = PBXFileReference; fileEncoding = 4; lastKnownFileType = sourcecode.c.objc; path = XMPPDigestMD5Authentication.m; sourceTree = "<group>"; };
		984FC9A21AD5C767002B3233 /* XMPPPlainAuthentication.h */ = {isa = PBXFileReference; fileEncoding = 4; lastKnownFileType = sourcecode.c.h; path = XMPPPlainAuthentication.h; sourceTree = "<group>"; };
		984FC9A31AD5C767002B3233 /* XMPPPlainAuthentication.m */ = {isa = PBXFileReference; fileEncoding = 4; lastKnownFileType = sourcecode.c.objc; path = XMPPPlainAuthentication.m; sourceTree = "<group>"; };
		984FC9A51AD5C767002B3233 /* XMPPXFacebookPlatformAuthentication.h */ = {isa = PBXFileReference; fileEncoding = 4; lastKnownFileType = sourcecode.c.h; path = XMPPXFacebookPlatformAuthentication.h; sourceTree = "<group>"; };
		984FC9A61AD5C767002B3233 /* XMPPXFacebookPlatformAuthentication.m */ = {isa = PBXFileReference; fileEncoding = 4; lastKnownFileType = sourcecode.c.objc; path = XMPPXFacebookPlatformAuthentication.m; sourceTree = "<group>"; };
		984FC9A81AD5C767002B3233 /* XMPPXOAuth2Google.h */ = {isa = PBXFileReference; fileEncoding = 4; lastKnownFileType = sourcecode.c.h; path = XMPPXOAuth2Google.h; sourceTree = "<group>"; };
		984FC9A91AD5C767002B3233 /* XMPPXOAuth2Google.m */ = {isa = PBXFileReference; fileEncoding = 4; lastKnownFileType = sourcecode.c.objc; path = XMPPXOAuth2Google.m; sourceTree = "<group>"; };
		984FC9AA1AD5C767002B3233 /* XMPPSASLAuthentication.h */ = {isa = PBXFileReference; fileEncoding = 4; lastKnownFileType = sourcecode.c.h; path = XMPPSASLAuthentication.h; sourceTree = "<group>"; };
		984FC9AC1AD5C767002B3233 /* NSData+XMPP.h */ = {isa = PBXFileReference; fileEncoding = 4; lastKnownFileType = sourcecode.c.h; path = "NSData+XMPP.h"; sourceTree = "<group>"; };
		984FC9AD1AD5C767002B3233 /* NSData+XMPP.m */ = {isa = PBXFileReference; fileEncoding = 4; lastKnownFileType = sourcecode.c.objc; path = "NSData+XMPP.m"; sourceTree = "<group>"; };
		984FC9AE1AD5C767002B3233 /* NSNumber+XMPP.h */ = {isa = PBXFileReference; fileEncoding = 4; lastKnownFileType = sourcecode.c.h; path = "NSNumber+XMPP.h"; sourceTree = "<group>"; };
		984FC9AF1AD5C767002B3233 /* NSNumber+XMPP.m */ = {isa = PBXFileReference; fileEncoding = 4; lastKnownFileType = sourcecode.c.objc; path = "NSNumber+XMPP.m"; sourceTree = "<group>"; };
		984FC9B01AD5C767002B3233 /* NSXMLElement+XMPP.h */ = {isa = PBXFileReference; fileEncoding = 4; lastKnownFileType = sourcecode.c.h; path = "NSXMLElement+XMPP.h"; sourceTree = "<group>"; };
		984FC9B11AD5C767002B3233 /* NSXMLElement+XMPP.m */ = {isa = PBXFileReference; fileEncoding = 4; lastKnownFileType = sourcecode.c.objc; path = "NSXMLElement+XMPP.m"; sourceTree = "<group>"; };
		984FC9B31AD5C767002B3233 /* XMPP.h */ = {isa = PBXFileReference; fileEncoding = 4; lastKnownFileType = sourcecode.c.h; path = XMPP.h; sourceTree = "<group>"; };
		984FC9B41AD5C767002B3233 /* XMPPElement.h */ = {isa = PBXFileReference; fileEncoding = 4; lastKnownFileType = sourcecode.c.h; path = XMPPElement.h; sourceTree = "<group>"; };
		984FC9B51AD5C767002B3233 /* XMPPElement.m */ = {isa = PBXFileReference; fileEncoding = 4; lastKnownFileType = sourcecode.c.objc; path = XMPPElement.m; sourceTree = "<group>"; };
		984FC9B61AD5C767002B3233 /* XMPPInternal.h */ = {isa = PBXFileReference; fileEncoding = 4; lastKnownFileType = sourcecode.c.h; path = XMPPInternal.h; sourceTree = "<group>"; };
		984FC9B71AD5C767002B3233 /* XMPPIQ.h */ = {isa = PBXFileReference; fileEncoding = 4; lastKnownFileType = sourcecode.c.h; path = XMPPIQ.h; sourceTree = "<group>"; };
		984FC9B81AD5C767002B3233 /* XMPPIQ.m */ = {isa = PBXFileReference; fileEncoding = 4; lastKnownFileType = sourcecode.c.objc; path = XMPPIQ.m; sourceTree = "<group>"; };
		984FC9B91AD5C767002B3233 /* XMPPJID.h */ = {isa = PBXFileReference; fileEncoding = 4; lastKnownFileType = sourcecode.c.h; path = XMPPJID.h; sourceTree = "<group>"; };
		984FC9BA1AD5C767002B3233 /* XMPPJID.m */ = {isa = PBXFileReference; fileEncoding = 4; lastKnownFileType = sourcecode.c.objc; path = XMPPJID.m; sourceTree = "<group>"; };
		984FC9BB1AD5C767002B3233 /* XMPPLogging.h */ = {isa = PBXFileReference; fileEncoding = 4; lastKnownFileType = sourcecode.c.h; path = XMPPLogging.h; sourceTree = "<group>"; };
		984FC9BC1AD5C767002B3233 /* XMPPMessage.h */ = {isa = PBXFileReference; fileEncoding = 4; lastKnownFileType = sourcecode.c.h; path = XMPPMessage.h; sourceTree = "<group>"; };
		984FC9BD1AD5C767002B3233 /* XMPPMessage.m */ = {isa = PBXFileReference; fileEncoding = 4; lastKnownFileType = sourcecode.c.objc; path = XMPPMessage.m; sourceTree = "<group>"; };
		984FC9BE1AD5C767002B3233 /* XMPPModule.h */ = {isa = PBXFileReference; fileEncoding = 4; lastKnownFileType = sourcecode.c.h; path = XMPPModule.h; sourceTree = "<group>"; };
		984FC9BF1AD5C767002B3233 /* XMPPModule.m */ = {isa = PBXFileReference; fileEncoding = 4; lastKnownFileType = sourcecode.c.objc; path = XMPPModule.m; sourceTree = "<group>"; };
		984FC9C01AD5C767002B3233 /* XMPPParser.h */ = {isa = PBXFileReference; fileEncoding = 4; lastKnownFileType = sourcecode.c.h; path = XMPPParser.h; sourceTree = "<group>"; };
		984FC9C11AD5C767002B3233 /* XMPPParser.m */ = {isa = PBXFileReference; fileEncoding = 4; lastKnownFileType = sourcecode.c.objc; path = XMPPParser.m; sourceTree = "<group>"; };
		984FC9C21AD5C767002B3233 /* XMPPPresence.h */ = {isa = PBXFileReference; fileEncoding = 4; lastKnownFileType = sourcecode.c.h; path = XMPPPresence.h; sourceTree = "<group>"; };
		984FC9C31AD5C767002B3233 /* XMPPPresence.m */ = {isa = PBXFileReference; fileEncoding = 4; lastKnownFileType = sourcecode.c.objc; path = XMPPPresence.m; sourceTree = "<group>"; };
		984FC9C41AD5C767002B3233 /* XMPPStream.h */ = {isa = PBXFileReference; fileEncoding = 4; lastKnownFileType = sourcecode.c.h; path = XMPPStream.h; sourceTree = "<group>"; };
		984FC9C51AD5C767002B3233 /* XMPPStream.m */ = {isa = PBXFileReference; fileEncoding = 4; lastKnownFileType = sourcecode.c.objc; path = XMPPStream.m; sourceTree = "<group>"; };
		984FC9C71AD5C767002B3233 /* DDList.h */ = {isa = PBXFileReference; fileEncoding = 4; lastKnownFileType = sourcecode.c.h; path = DDList.h; sourceTree = "<group>"; };
		984FC9C81AD5C767002B3233 /* DDList.m */ = {isa = PBXFileReference; fileEncoding = 4; lastKnownFileType = sourcecode.c.objc; path = DDList.m; sourceTree = "<group>"; };
		984FC9C91AD5C767002B3233 /* GCDMulticastDelegate.h */ = {isa = PBXFileReference; fileEncoding = 4; lastKnownFileType = sourcecode.c.h; path = GCDMulticastDelegate.h; sourceTree = "<group>"; };
		984FC9CA1AD5C767002B3233 /* GCDMulticastDelegate.m */ = {isa = PBXFileReference; fileEncoding = 4; lastKnownFileType = sourcecode.c.objc; path = GCDMulticastDelegate.m; sourceTree = "<group>"; };
		984FC9CB1AD5C767002B3233 /* RFImageToDataTransformer.h */ = {isa = PBXFileReference; fileEncoding = 4; lastKnownFileType = sourcecode.c.h; path = RFImageToDataTransformer.h; sourceTree = "<group>"; };
		984FC9CC1AD5C767002B3233 /* RFImageToDataTransformer.m */ = {isa = PBXFileReference; fileEncoding = 4; lastKnownFileType = sourcecode.c.objc; path = RFImageToDataTransformer.m; sourceTree = "<group>"; };
		984FC9CD1AD5C767002B3233 /* XMPPIDTracker.h */ = {isa = PBXFileReference; fileEncoding = 4; lastKnownFileType = sourcecode.c.h; path = XMPPIDTracker.h; sourceTree = "<group>"; };
		984FC9CE1AD5C767002B3233 /* XMPPIDTracker.m */ = {isa = PBXFileReference; fileEncoding = 4; lastKnownFileType = sourcecode.c.objc; path = XMPPIDTracker.m; sourceTree = "<group>"; };
		984FC9CF1AD5C767002B3233 /* XMPPSRVResolver.h */ = {isa = PBXFileReference; fileEncoding = 4; lastKnownFileType = sourcecode.c.h; path = XMPPSRVResolver.h; sourceTree = "<group>"; };
		984FC9D01AD5C767002B3233 /* XMPPSRVResolver.m */ = {isa = PBXFileReference; fileEncoding = 4; lastKnownFileType = sourcecode.c.objc; path = XMPPSRVResolver.m; sourceTree = "<group>"; };
		984FC9D11AD5C767002B3233 /* XMPPStringPrep.h */ = {isa = PBXFileReference; fileEncoding = 4; lastKnownFileType = sourcecode.c.h; path = XMPPStringPrep.h; sourceTree = "<group>"; };
		984FC9D21AD5C767002B3233 /* XMPPStringPrep.m */ = {isa = PBXFileReference; fileEncoding = 4; lastKnownFileType = sourcecode.c.objc; path = XMPPStringPrep.m; sourceTree = "<group>"; };
		984FC9EB1AD5C77F002B3233 /* libresolv.dylib */ = {isa = PBXFileReference; lastKnownFileType = "compiled.mach-o.dylib"; name = libresolv.dylib; path = usr/lib/libresolv.dylib; sourceTree = SDKROOT; };
		98514A401ADC592500A74087 /* DeviceViewController.h */ = {isa = PBXFileReference; fileEncoding = 4; lastKnownFileType = sourcecode.c.h; path = DeviceViewController.h; sourceTree = "<group>"; };
		98514A411ADC592500A74087 /* DeviceViewController.m */ = {isa = PBXFileReference; fileEncoding = 4; lastKnownFileType = sourcecode.c.objc; path = DeviceViewController.m; sourceTree = "<group>"; };
		988933431AE2BCD1003DC7B7 /* EV3ValueRange.h */ = {isa = PBXFileReference; fileEncoding = 4; lastKnownFileType = sourcecode.c.h; path = EV3ValueRange.h; sourceTree = "<group>"; };
		988EF6C61ADA971E00ED30C2 /* SignInViewController.h */ = {isa = PBXFileReference; fileEncoding = 4; lastKnownFileType = sourcecode.c.h; path = SignInViewController.h; sourceTree = "<group>"; };
		988EF6C71ADA971E00ED30C2 /* SignInViewController.m */ = {isa = PBXFileReference; fileEncoding = 4; lastKnownFileType = sourcecode.c.objc; path = SignInViewController.m; sourceTree = "<group>"; };
		988EF6C91ADA972E00ED30C2 /* DashboardViewController.h */ = {isa = PBXFileReference; fileEncoding = 4; lastKnownFileType = sourcecode.c.h; path = DashboardViewController.h; sourceTree = "<group>"; };
		988EF6CA1ADA972E00ED30C2 /* DashboardViewController.m */ = {isa = PBXFileReference; fileEncoding = 4; lastKnownFileType = sourcecode.c.objc; path = DashboardViewController.m; sourceTree = "<group>"; };
		988EF7071ADAD68600ED30C2 /* XMPPRoom.xcdatamodel */ = {isa = PBXFileReference; lastKnownFileType = wrapper.xcdatamodel; path = XMPPRoom.xcdatamodel; sourceTree = "<group>"; };
		988EF7081ADAD68600ED30C2 /* XMPPRoomCoreDataStorage.h */ = {isa = PBXFileReference; fileEncoding = 4; lastKnownFileType = sourcecode.c.h; path = XMPPRoomCoreDataStorage.h; sourceTree = "<group>"; };
		988EF7091ADAD68600ED30C2 /* XMPPRoomCoreDataStorage.m */ = {isa = PBXFileReference; fileEncoding = 4; lastKnownFileType = sourcecode.c.objc; path = XMPPRoomCoreDataStorage.m; sourceTree = "<group>"; };
		988EF70A1ADAD68600ED30C2 /* XMPPRoomMessageCoreDataStorageObject.h */ = {isa = PBXFileReference; fileEncoding = 4; lastKnownFileType = sourcecode.c.h; path = XMPPRoomMessageCoreDataStorageObject.h; sourceTree = "<group>"; };
		988EF70B1ADAD68600ED30C2 /* XMPPRoomMessageCoreDataStorageObject.m */ = {isa = PBXFileReference; fileEncoding = 4; lastKnownFileType = sourcecode.c.objc; path = XMPPRoomMessageCoreDataStorageObject.m; sourceTree = "<group>"; };
		988EF70C1ADAD68600ED30C2 /* XMPPRoomOccupantCoreDataStorageObject.h */ = {isa = PBXFileReference; fileEncoding = 4; lastKnownFileType = sourcecode.c.h; path = XMPPRoomOccupantCoreDataStorageObject.h; sourceTree = "<group>"; };
		988EF70D1ADAD68600ED30C2 /* XMPPRoomOccupantCoreDataStorageObject.m */ = {isa = PBXFileReference; fileEncoding = 4; lastKnownFileType = sourcecode.c.objc; path = XMPPRoomOccupantCoreDataStorageObject.m; sourceTree = "<group>"; };
		988EF7101ADAD68600ED30C2 /* XMPPRoomHybrid.xcdatamodel */ = {isa = PBXFileReference; lastKnownFileType = wrapper.xcdatamodel; path = XMPPRoomHybrid.xcdatamodel; sourceTree = "<group>"; };
		988EF7111ADAD68600ED30C2 /* XMPPRoomHybridStorage.h */ = {isa = PBXFileReference; fileEncoding = 4; lastKnownFileType = sourcecode.c.h; path = XMPPRoomHybridStorage.h; sourceTree = "<group>"; };
		988EF7121ADAD68600ED30C2 /* XMPPRoomHybridStorage.m */ = {isa = PBXFileReference; fileEncoding = 4; lastKnownFileType = sourcecode.c.objc; path = XMPPRoomHybridStorage.m; sourceTree = "<group>"; };
		988EF7131ADAD68600ED30C2 /* XMPPRoomHybridStorageProtected.h */ = {isa = PBXFileReference; fileEncoding = 4; lastKnownFileType = sourcecode.c.h; path = XMPPRoomHybridStorageProtected.h; sourceTree = "<group>"; };
		988EF7141ADAD68600ED30C2 /* XMPPRoomMessageHybridCoreDataStorageObject.h */ = {isa = PBXFileReference; fileEncoding = 4; lastKnownFileType = sourcecode.c.h; path = XMPPRoomMessageHybridCoreDataStorageObject.h; sourceTree = "<group>"; };
		988EF7151ADAD68600ED30C2 /* XMPPRoomMessageHybridCoreDataStorageObject.m */ = {isa = PBXFileReference; fileEncoding = 4; lastKnownFileType = sourcecode.c.objc; path = XMPPRoomMessageHybridCoreDataStorageObject.m; sourceTree = "<group>"; };
		988EF7161ADAD68600ED30C2 /* XMPPRoomOccupantHybridMemoryStorageObject.h */ = {isa = PBXFileReference; fileEncoding = 4; lastKnownFileType = sourcecode.c.h; path = XMPPRoomOccupantHybridMemoryStorageObject.h; sourceTree = "<group>"; };
		988EF7171ADAD68600ED30C2 /* XMPPRoomOccupantHybridMemoryStorageObject.m */ = {isa = PBXFileReference; fileEncoding = 4; lastKnownFileType = sourcecode.c.objc; path = XMPPRoomOccupantHybridMemoryStorageObject.m; sourceTree = "<group>"; };
		988EF7191ADAD68600ED30C2 /* XMPPRoomMemoryStorage.h */ = {isa = PBXFileReference; fileEncoding = 4; lastKnownFileType = sourcecode.c.h; path = XMPPRoomMemoryStorage.h; sourceTree = "<group>"; };
		988EF71A1ADAD68600ED30C2 /* XMPPRoomMemoryStorage.m */ = {isa = PBXFileReference; fileEncoding = 4; lastKnownFileType = sourcecode.c.objc; path = XMPPRoomMemoryStorage.m; sourceTree = "<group>"; };
		988EF71B1ADAD68600ED30C2 /* XMPPRoomMessageMemoryStorageObject.h */ = {isa = PBXFileReference; fileEncoding = 4; lastKnownFileType = sourcecode.c.h; path = XMPPRoomMessageMemoryStorageObject.h; sourceTree = "<group>"; };
		988EF71C1ADAD68600ED30C2 /* XMPPRoomMessageMemoryStorageObject.m */ = {isa = PBXFileReference; fileEncoding = 4; lastKnownFileType = sourcecode.c.objc; path = XMPPRoomMessageMemoryStorageObject.m; sourceTree = "<group>"; };
		988EF71D1ADAD68600ED30C2 /* XMPPRoomOccupantMemoryStorageObject.h */ = {isa = PBXFileReference; fileEncoding = 4; lastKnownFileType = sourcecode.c.h; path = XMPPRoomOccupantMemoryStorageObject.h; sourceTree = "<group>"; };
		988EF71E1ADAD68600ED30C2 /* XMPPRoomOccupantMemoryStorageObject.m */ = {isa = PBXFileReference; fileEncoding = 4; lastKnownFileType = sourcecode.c.objc; path = XMPPRoomOccupantMemoryStorageObject.m; sourceTree = "<group>"; };
		988EF71F1ADAD68600ED30C2 /* XMPPMessage+XEP0045.h */ = {isa = PBXFileReference; fileEncoding = 4; lastKnownFileType = sourcecode.c.h; path = "XMPPMessage+XEP0045.h"; sourceTree = "<group>"; };
		988EF7201ADAD68600ED30C2 /* XMPPMessage+XEP0045.m */ = {isa = PBXFileReference; fileEncoding = 4; lastKnownFileType = sourcecode.c.objc; path = "XMPPMessage+XEP0045.m"; sourceTree = "<group>"; };
		988EF7211ADAD68600ED30C2 /* XMPPMUC.h */ = {isa = PBXFileReference; fileEncoding = 4; lastKnownFileType = sourcecode.c.h; path = XMPPMUC.h; sourceTree = "<group>"; };
		988EF7221ADAD68600ED30C2 /* XMPPMUC.m */ = {isa = PBXFileReference; fileEncoding = 4; lastKnownFileType = sourcecode.c.objc; path = XMPPMUC.m; sourceTree = "<group>"; };
		988EF7231ADAD68600ED30C2 /* XMPPRoom.h */ = {isa = PBXFileReference; fileEncoding = 4; lastKnownFileType = sourcecode.c.h; path = XMPPRoom.h; sourceTree = "<group>"; };
		988EF7241ADAD68600ED30C2 /* XMPPRoom.m */ = {isa = PBXFileReference; fileEncoding = 4; lastKnownFileType = sourcecode.c.objc; path = XMPPRoom.m; sourceTree = "<group>"; };
		988EF7251ADAD68600ED30C2 /* XMPPRoomMessage.h */ = {isa = PBXFileReference; fileEncoding = 4; lastKnownFileType = sourcecode.c.h; path = XMPPRoomMessage.h; sourceTree = "<group>"; };
		988EF7261ADAD68600ED30C2 /* XMPPRoomOccupant.h */ = {isa = PBXFileReference; fileEncoding = 4; lastKnownFileType = sourcecode.c.h; path = XMPPRoomOccupant.h; sourceTree = "<group>"; };
		988EF7271ADAD68600ED30C2 /* XMPPRoomPrivate.h */ = {isa = PBXFileReference; fileEncoding = 4; lastKnownFileType = sourcecode.c.h; path = XMPPRoomPrivate.h; sourceTree = "<group>"; };
		988EF7371ADAD6BE00ED30C2 /* NSXMLElement+XEP_0203.h */ = {isa = PBXFileReference; fileEncoding = 4; lastKnownFileType = sourcecode.c.h; path = "NSXMLElement+XEP_0203.h"; sourceTree = "<group>"; };
		988EF7381ADAD6BE00ED30C2 /* NSXMLElement+XEP_0203.m */ = {isa = PBXFileReference; fileEncoding = 4; lastKnownFileType = sourcecode.c.objc; path = "NSXMLElement+XEP_0203.m"; sourceTree = "<group>"; };
		988EF73B1ADAD6FD00ED30C2 /* NSDate+XMPPDateTimeProfiles.h */ = {isa = PBXFileReference; fileEncoding = 4; lastKnownFileType = sourcecode.c.h; path = "NSDate+XMPPDateTimeProfiles.h"; sourceTree = "<group>"; };
		988EF73C1ADAD6FD00ED30C2 /* NSDate+XMPPDateTimeProfiles.m */ = {isa = PBXFileReference; fileEncoding = 4; lastKnownFileType = sourcecode.c.objc; path = "NSDate+XMPPDateTimeProfiles.m"; sourceTree = "<group>"; };
		988EF73D1ADAD6FD00ED30C2 /* XMPPDateTimeProfiles.h */ = {isa = PBXFileReference; fileEncoding = 4; lastKnownFileType = sourcecode.c.h; path = XMPPDateTimeProfiles.h; sourceTree = "<group>"; };
		988EF73E1ADAD6FD00ED30C2 /* XMPPDateTimeProfiles.m */ = {isa = PBXFileReference; fileEncoding = 4; lastKnownFileType = sourcecode.c.objc; path = XMPPDateTimeProfiles.m; sourceTree = "<group>"; };
		988EF7421ADAD74A00ED30C2 /* XMPPCoreDataStorage.h */ = {isa = PBXFileReference; fileEncoding = 4; lastKnownFileType = sourcecode.c.h; path = XMPPCoreDataStorage.h; sourceTree = "<group>"; };
		988EF7431ADAD74A00ED30C2 /* XMPPCoreDataStorage.m */ = {isa = PBXFileReference; fileEncoding = 4; lastKnownFileType = sourcecode.c.objc; path = XMPPCoreDataStorage.m; sourceTree = "<group>"; };
		988EF7441ADAD74A00ED30C2 /* XMPPCoreDataStorageProtected.h */ = {isa = PBXFileReference; fileEncoding = 4; lastKnownFileType = sourcecode.c.h; path = XMPPCoreDataStorageProtected.h; sourceTree = "<group>"; };
		988EF7461ADAD7A700ED30C2 /* XMPPFramework.h */ = {isa = PBXFileReference; lastKnownFileType = sourcecode.c.h; path = XMPPFramework.h; sourceTree = "<group>"; };
		988EF7481ADAFB6300ED30C2 /* EV3Device.h */ = {isa = PBXFileReference; fileEncoding = 4; lastKnownFileType = sourcecode.c.h; path = EV3Device.h; sourceTree = "<group>"; };
		988EF7491ADAFB6300ED30C2 /* EV3Device.m */ = {isa = PBXFileReference; fileEncoding = 4; lastKnownFileType = sourcecode.c.objc; path = EV3Device.m; sourceTree = "<group>"; };
		98E043B71ADD661400AD9F5B /* CorePlot.framework */ = {isa = PBXFileReference; lastKnownFileType = wrapper.framework; name = CorePlot.framework; path = CorePlot/CorePlot.framework; sourceTree = "<group>"; };
		98E043BA1ADD67CA00AD9F5B /* RealTimePlot.h */ = {isa = PBXFileReference; fileEncoding = 4; lastKnownFileType = sourcecode.c.h; path = RealTimePlot.h; sourceTree = "<group>"; };
		98E043BB1ADD67CA00AD9F5B /* RealTimePlot.m */ = {isa = PBXFileReference; fileEncoding = 4; lastKnownFileType = sourcecode.c.objc; path = RealTimePlot.m; sourceTree = "<group>"; };
		98E043BD1ADD67E500AD9F5B /* PlotItem.h */ = {isa = PBXFileReference; fileEncoding = 4; lastKnownFileType = sourcecode.c.h; path = PlotItem.h; sourceTree = "<group>"; };
		98E043BE1ADD67E500AD9F5B /* PlotItem.m */ = {isa = PBXFileReference; fileEncoding = 4; lastKnownFileType = sourcecode.c.objc; path = PlotItem.m; sourceTree = "<group>"; };
/* End PBXFileReference section */

/* Begin PBXFrameworksBuildPhase section */
		984FC92B1AD5C402002B3233 /* Frameworks */ = {
			isa = PBXFrameworksBuildPhase;
			buildActionMask = 2147483647;
			files = (
				984FC9EC1AD5C77F002B3233 /* libresolv.dylib in Frameworks */,
				984FC98E1AD5C677002B3233 /* Security.framework in Frameworks */,
				98E043B81ADD661400AD9F5B /* CorePlot.framework in Frameworks */,
				984FC9931AD5C715002B3233 /* libidn.a in Frameworks */,
			);
			runOnlyForDeploymentPostprocessing = 0;
		};
		984FC9411AD5C402002B3233 /* Frameworks */ = {
			isa = PBXFrameworksBuildPhase;
			buildActionMask = 2147483647;
			files = (
			);
			runOnlyForDeploymentPostprocessing = 0;
		};
/* End PBXFrameworksBuildPhase section */

/* Begin PBXGroup section */
		984FC9251AD5C402002B3233 = {
			isa = PBXGroup;
			children = (
				984FC9301AD5C402002B3233 /* ev3_cc */,
				984FC9471AD5C402002B3233 /* ev3_ccTests */,
				984FC92F1AD5C402002B3233 /* Products */,
			);
			sourceTree = "<group>";
		};
		984FC92F1AD5C402002B3233 /* Products */ = {
			isa = PBXGroup;
			children = (
				984FC92E1AD5C402002B3233 /* ev3_cc.app */,
				984FC9441AD5C402002B3233 /* ev3_ccTests.xctest */,
			);
			name = Products;
			sourceTree = "<group>";
		};
		984FC9301AD5C402002B3233 /* ev3_cc */ = {
			isa = PBXGroup;
			children = (
				98E043B71ADD661400AD9F5B /* CorePlot.framework */,
				984FC96E1AD5C622002B3233 /* XMPP_Framework */,
				988EF6C41ADA96ED00ED30C2 /* Sign in */,
				988EF6C51ADA96F900ED30C2 /* Dashboard */,
				98514A3F1ADC58D800A74087 /* Device details */,
				989510A31AE00BE200CA51A4 /* Devices */,
				984FC9331AD5C402002B3233 /* AppDelegate.h */,
				984FC9341AD5C402002B3233 /* AppDelegate.m */,
				984FC93B1AD5C402002B3233 /* Images.xcassets */,
				984FC93D1AD5C402002B3233 /* Main.storyboard */,
				984FC9311AD5C402002B3233 /* Supporting Files */,
			);
			path = ev3_cc;
			sourceTree = "<group>";
		};
		984FC9311AD5C402002B3233 /* Supporting Files */ = {
			isa = PBXGroup;
			children = (
				984FC9321AD5C402002B3233 /* Info.plist */,
				984FC9361AD5C402002B3233 /* main.m */,
			);
			name = "Supporting Files";
			sourceTree = "<group>";
		};
		984FC9471AD5C402002B3233 /* ev3_ccTests */ = {
			isa = PBXGroup;
			children = (
				984FC94A1AD5C402002B3233 /* ev3_ccTests.m */,
				984FC9481AD5C402002B3233 /* Supporting Files */,
			);
			path = ev3_ccTests;
			sourceTree = "<group>";
		};
		984FC9481AD5C402002B3233 /* Supporting Files */ = {
			isa = PBXGroup;
			children = (
				984FC9491AD5C402002B3233 /* Info.plist */,
			);
			name = "Supporting Files";
			sourceTree = "<group>";
		};
		984FC96E1AD5C622002B3233 /* XMPP_Framework */ = {
			isa = PBXGroup;
			children = (
				984FC9EB1AD5C77F002B3233 /* libresolv.dylib */,
				984FC98D1AD5C677002B3233 /* Security.framework */,
				984FC9941AD5C767002B3233 /* Authentication */,
				984FC9AB1AD5C767002B3233 /* Categories */,
				984FC9B21AD5C767002B3233 /* Core */,
				984FC9C61AD5C767002B3233 /* Utilities */,
				984FC96F1AD5C622002B3233 /* Vendor */,
				988EF7031ADAD68600ED30C2 /* Extensions */,
				988EF7461ADAD7A700ED30C2 /* XMPPFramework.h */,
			);
			path = XMPP_Framework;
			sourceTree = "<group>";
		};
		984FC96F1AD5C622002B3233 /* Vendor */ = {
			isa = PBXGroup;
			children = (
				984FC98F1AD5C715002B3233 /* libidn */,
				984FC9891AD5C65E002B3233 /* CocoaAsyncSocket */,
				984FC9701AD5C622002B3233 /* CocoaLumberjack */,
			);
			path = Vendor;
			sourceTree = "<group>";
		};
		984FC9701AD5C622002B3233 /* CocoaLumberjack */ = {
			isa = PBXGroup;
			children = (
				984FC9711AD5C622002B3233 /* DDAbstractDatabaseLogger.h */,
				984FC9721AD5C622002B3233 /* DDAbstractDatabaseLogger.m */,
				984FC9731AD5C622002B3233 /* DDASLLogger.h */,
				984FC9741AD5C622002B3233 /* DDASLLogger.m */,
				984FC9751AD5C622002B3233 /* DDFileLogger.h */,
				984FC9761AD5C622002B3233 /* DDFileLogger.m */,
				984FC9771AD5C622002B3233 /* DDLog.h */,
				984FC9781AD5C622002B3233 /* DDLog.m */,
				984FC9791AD5C622002B3233 /* DDTTYLogger.h */,
				984FC97A1AD5C622002B3233 /* DDTTYLogger.m */,
				984FC97B1AD5C622002B3233 /* Extensions */,
			);
			path = CocoaLumberjack;
			sourceTree = "<group>";
		};
		984FC97B1AD5C622002B3233 /* Extensions */ = {
			isa = PBXGroup;
			children = (
				984FC97C1AD5C622002B3233 /* ContextFilterLogFormatter.h */,
				984FC97D1AD5C622002B3233 /* ContextFilterLogFormatter.m */,
				984FC97E1AD5C622002B3233 /* DispatchQueueLogFormatter.h */,
				984FC97F1AD5C622002B3233 /* DispatchQueueLogFormatter.m */,
				984FC9801AD5C622002B3233 /* README.txt */,
			);
			path = Extensions;
			sourceTree = "<group>";
		};
		984FC9891AD5C65E002B3233 /* CocoaAsyncSocket */ = {
			isa = PBXGroup;
			children = (
				984FC98A1AD5C65E002B3233 /* GCDAsyncSocket.h */,
				984FC98B1AD5C65E002B3233 /* GCDAsyncSocket.m */,
			);
			path = CocoaAsyncSocket;
			sourceTree = "<group>";
		};
		984FC98F1AD5C715002B3233 /* libidn */ = {
			isa = PBXGroup;
			children = (
				984FC9901AD5C715002B3233 /* idn-int.h */,
				984FC9911AD5C715002B3233 /* libidn.a */,
				984FC9921AD5C715002B3233 /* stringprep.h */,
			);
			path = libidn;
			sourceTree = "<group>";
		};
		984FC9941AD5C767002B3233 /* Authentication */ = {
			isa = PBXGroup;
			children = (
				984FC9951AD5C767002B3233 /* Anonymous */,
				984FC9981AD5C767002B3233 /* Deprecated-Digest */,
				984FC99B1AD5C767002B3233 /* Deprecated-Plain */,
				984FC99E1AD5C767002B3233 /* Digest-MD5 */,
				984FC9A11AD5C767002B3233 /* Plain */,
				984FC9A41AD5C767002B3233 /* X-Facebook-Platform */,
				984FC9A71AD5C767002B3233 /* X-OAuth2-Google */,
				984FC9AA1AD5C767002B3233 /* XMPPSASLAuthentication.h */,
			);
			path = Authentication;
			sourceTree = "<group>";
		};
		984FC9951AD5C767002B3233 /* Anonymous */ = {
			isa = PBXGroup;
			children = (
				984FC9961AD5C767002B3233 /* XMPPAnonymousAuthentication.h */,
				984FC9971AD5C767002B3233 /* XMPPAnonymousAuthentication.m */,
			);
			path = Anonymous;
			sourceTree = "<group>";
		};
		984FC9981AD5C767002B3233 /* Deprecated-Digest */ = {
			isa = PBXGroup;
			children = (
				984FC9991AD5C767002B3233 /* XMPPDeprecatedDigestAuthentication.h */,
				984FC99A1AD5C767002B3233 /* XMPPDeprecatedDigestAuthentication.m */,
			);
			path = "Deprecated-Digest";
			sourceTree = "<group>";
		};
		984FC99B1AD5C767002B3233 /* Deprecated-Plain */ = {
			isa = PBXGroup;
			children = (
				984FC99C1AD5C767002B3233 /* XMPPDeprecatedPlainAuthentication.h */,
				984FC99D1AD5C767002B3233 /* XMPPDeprecatedPlainAuthentication.m */,
			);
			path = "Deprecated-Plain";
			sourceTree = "<group>";
		};
		984FC99E1AD5C767002B3233 /* Digest-MD5 */ = {
			isa = PBXGroup;
			children = (
				984FC99F1AD5C767002B3233 /* XMPPDigestMD5Authentication.h */,
				984FC9A01AD5C767002B3233 /* XMPPDigestMD5Authentication.m */,
			);
			path = "Digest-MD5";
			sourceTree = "<group>";
		};
		984FC9A11AD5C767002B3233 /* Plain */ = {
			isa = PBXGroup;
			children = (
				984FC9A21AD5C767002B3233 /* XMPPPlainAuthentication.h */,
				984FC9A31AD5C767002B3233 /* XMPPPlainAuthentication.m */,
			);
			path = Plain;
			sourceTree = "<group>";
		};
		984FC9A41AD5C767002B3233 /* X-Facebook-Platform */ = {
			isa = PBXGroup;
			children = (
				984FC9A51AD5C767002B3233 /* XMPPXFacebookPlatformAuthentication.h */,
				984FC9A61AD5C767002B3233 /* XMPPXFacebookPlatformAuthentication.m */,
			);
			path = "X-Facebook-Platform";
			sourceTree = "<group>";
		};
		984FC9A71AD5C767002B3233 /* X-OAuth2-Google */ = {
			isa = PBXGroup;
			children = (
				984FC9A81AD5C767002B3233 /* XMPPXOAuth2Google.h */,
				984FC9A91AD5C767002B3233 /* XMPPXOAuth2Google.m */,
			);
			path = "X-OAuth2-Google";
			sourceTree = "<group>";
		};
		984FC9AB1AD5C767002B3233 /* Categories */ = {
			isa = PBXGroup;
			children = (
				984FC9AC1AD5C767002B3233 /* NSData+XMPP.h */,
				984FC9AD1AD5C767002B3233 /* NSData+XMPP.m */,
				984FC9AE1AD5C767002B3233 /* NSNumber+XMPP.h */,
				984FC9AF1AD5C767002B3233 /* NSNumber+XMPP.m */,
				984FC9B01AD5C767002B3233 /* NSXMLElement+XMPP.h */,
				984FC9B11AD5C767002B3233 /* NSXMLElement+XMPP.m */,
			);
			path = Categories;
			sourceTree = "<group>";
		};
		984FC9B21AD5C767002B3233 /* Core */ = {
			isa = PBXGroup;
			children = (
				984FC9B31AD5C767002B3233 /* XMPP.h */,
				984FC9B41AD5C767002B3233 /* XMPPElement.h */,
				984FC9B51AD5C767002B3233 /* XMPPElement.m */,
				984FC9B61AD5C767002B3233 /* XMPPInternal.h */,
				984FC9B71AD5C767002B3233 /* XMPPIQ.h */,
				984FC9B81AD5C767002B3233 /* XMPPIQ.m */,
				984FC9B91AD5C767002B3233 /* XMPPJID.h */,
				984FC9BA1AD5C767002B3233 /* XMPPJID.m */,
				984FC9BB1AD5C767002B3233 /* XMPPLogging.h */,
				984FC9BC1AD5C767002B3233 /* XMPPMessage.h */,
				984FC9BD1AD5C767002B3233 /* XMPPMessage.m */,
				984FC9BE1AD5C767002B3233 /* XMPPModule.h */,
				984FC9BF1AD5C767002B3233 /* XMPPModule.m */,
				984FC9C01AD5C767002B3233 /* XMPPParser.h */,
				984FC9C11AD5C767002B3233 /* XMPPParser.m */,
				984FC9C21AD5C767002B3233 /* XMPPPresence.h */,
				984FC9C31AD5C767002B3233 /* XMPPPresence.m */,
				984FC9C41AD5C767002B3233 /* XMPPStream.h */,
				984FC9C51AD5C767002B3233 /* XMPPStream.m */,
			);
			path = Core;
			sourceTree = "<group>";
		};
		984FC9C61AD5C767002B3233 /* Utilities */ = {
			isa = PBXGroup;
			children = (
				984FC9C71AD5C767002B3233 /* DDList.h */,
				984FC9C81AD5C767002B3233 /* DDList.m */,
				984FC9C91AD5C767002B3233 /* GCDMulticastDelegate.h */,
				984FC9CA1AD5C767002B3233 /* GCDMulticastDelegate.m */,
				984FC9CB1AD5C767002B3233 /* RFImageToDataTransformer.h */,
				984FC9CC1AD5C767002B3233 /* RFImageToDataTransformer.m */,
				984FC9CD1AD5C767002B3233 /* XMPPIDTracker.h */,
				984FC9CE1AD5C767002B3233 /* XMPPIDTracker.m */,
				984FC9CF1AD5C767002B3233 /* XMPPSRVResolver.h */,
				984FC9D01AD5C767002B3233 /* XMPPSRVResolver.m */,
				984FC9D11AD5C767002B3233 /* XMPPStringPrep.h */,
				984FC9D21AD5C767002B3233 /* XMPPStringPrep.m */,
			);
			path = Utilities;
			sourceTree = "<group>";
		};
		98514A3F1ADC58D800A74087 /* Device details */ = {
			isa = PBXGroup;
			children = (
				98E043B91ADD67B000AD9F5B /* Plot */,
				98514A401ADC592500A74087 /* DeviceViewController.h */,
				98514A411ADC592500A74087 /* DeviceViewController.m */,
			);
			name = "Device details";
			sourceTree = "<group>";
		};
		988EF6C41ADA96ED00ED30C2 /* Sign in */ = {
			isa = PBXGroup;
			children = (
				988EF6C61ADA971E00ED30C2 /* SignInViewController.h */,
				988EF6C71ADA971E00ED30C2 /* SignInViewController.m */,
			);
			name = "Sign in";
			sourceTree = "<group>";
		};
		988EF6C51ADA96F900ED30C2 /* Dashboard */ = {
			isa = PBXGroup;
			children = (
				988EF6C91ADA972E00ED30C2 /* DashboardViewController.h */,
				988EF6CA1ADA972E00ED30C2 /* DashboardViewController.m */,
			);
			name = Dashboard;
			sourceTree = "<group>";
		};
		988EF7031ADAD68600ED30C2 /* Extensions */ = {
			isa = PBXGroup;
			children = (
				988EF7411ADAD74A00ED30C2 /* CoreDataStorage */,
				988EF73A1ADAD6FD00ED30C2 /* XEP-0082 */,
				988EF7041ADAD68600ED30C2 /* XEP-0045 */,
				988EF7361ADAD6BE00ED30C2 /* XEP-0203 */,
			);
			path = Extensions;
			sourceTree = "<group>";
		};
		988EF7041ADAD68600ED30C2 /* XEP-0045 */ = {
			isa = PBXGroup;
			children = (
				988EF7051ADAD68600ED30C2 /* CoreDataStorage */,
				988EF70E1ADAD68600ED30C2 /* HybridStorage */,
				988EF7181ADAD68600ED30C2 /* MemoryStorage */,
				988EF71F1ADAD68600ED30C2 /* XMPPMessage+XEP0045.h */,
				988EF7201ADAD68600ED30C2 /* XMPPMessage+XEP0045.m */,
				988EF7211ADAD68600ED30C2 /* XMPPMUC.h */,
				988EF7221ADAD68600ED30C2 /* XMPPMUC.m */,
				988EF7231ADAD68600ED30C2 /* XMPPRoom.h */,
				988EF7241ADAD68600ED30C2 /* XMPPRoom.m */,
				988EF7251ADAD68600ED30C2 /* XMPPRoomMessage.h */,
				988EF7261ADAD68600ED30C2 /* XMPPRoomOccupant.h */,
				988EF7271ADAD68600ED30C2 /* XMPPRoomPrivate.h */,
			);
			path = "XEP-0045";
			sourceTree = "<group>";
		};
		988EF7051ADAD68600ED30C2 /* CoreDataStorage */ = {
			isa = PBXGroup;
			children = (
				988EF7061ADAD68600ED30C2 /* XMPPRoom.xcdatamodeld */,
				988EF7081ADAD68600ED30C2 /* XMPPRoomCoreDataStorage.h */,
				988EF7091ADAD68600ED30C2 /* XMPPRoomCoreDataStorage.m */,
				988EF70A1ADAD68600ED30C2 /* XMPPRoomMessageCoreDataStorageObject.h */,
				988EF70B1ADAD68600ED30C2 /* XMPPRoomMessageCoreDataStorageObject.m */,
				988EF70C1ADAD68600ED30C2 /* XMPPRoomOccupantCoreDataStorageObject.h */,
				988EF70D1ADAD68600ED30C2 /* XMPPRoomOccupantCoreDataStorageObject.m */,
			);
			path = CoreDataStorage;
			sourceTree = "<group>";
		};
		988EF70E1ADAD68600ED30C2 /* HybridStorage */ = {
			isa = PBXGroup;
			children = (
				988EF70F1ADAD68600ED30C2 /* XMPPRoomHybrid.xcdatamodeld */,
				988EF7111ADAD68600ED30C2 /* XMPPRoomHybridStorage.h */,
				988EF7121ADAD68600ED30C2 /* XMPPRoomHybridStorage.m */,
				988EF7131ADAD68600ED30C2 /* XMPPRoomHybridStorageProtected.h */,
				988EF7141ADAD68600ED30C2 /* XMPPRoomMessageHybridCoreDataStorageObject.h */,
				988EF7151ADAD68600ED30C2 /* XMPPRoomMessageHybridCoreDataStorageObject.m */,
				988EF7161ADAD68600ED30C2 /* XMPPRoomOccupantHybridMemoryStorageObject.h */,
				988EF7171ADAD68600ED30C2 /* XMPPRoomOccupantHybridMemoryStorageObject.m */,
			);
			path = HybridStorage;
			sourceTree = "<group>";
		};
		988EF7181ADAD68600ED30C2 /* MemoryStorage */ = {
			isa = PBXGroup;
			children = (
				988EF7191ADAD68600ED30C2 /* XMPPRoomMemoryStorage.h */,
				988EF71A1ADAD68600ED30C2 /* XMPPRoomMemoryStorage.m */,
				988EF71B1ADAD68600ED30C2 /* XMPPRoomMessageMemoryStorageObject.h */,
				988EF71C1ADAD68600ED30C2 /* XMPPRoomMessageMemoryStorageObject.m */,
				988EF71D1ADAD68600ED30C2 /* XMPPRoomOccupantMemoryStorageObject.h */,
				988EF71E1ADAD68600ED30C2 /* XMPPRoomOccupantMemoryStorageObject.m */,
			);
			path = MemoryStorage;
			sourceTree = "<group>";
		};
		988EF7361ADAD6BE00ED30C2 /* XEP-0203 */ = {
			isa = PBXGroup;
			children = (
				988EF7371ADAD6BE00ED30C2 /* NSXMLElement+XEP_0203.h */,
				988EF7381ADAD6BE00ED30C2 /* NSXMLElement+XEP_0203.m */,
			);
			path = "XEP-0203";
			sourceTree = "<group>";
		};
		988EF73A1ADAD6FD00ED30C2 /* XEP-0082 */ = {
			isa = PBXGroup;
			children = (
				988EF73B1ADAD6FD00ED30C2 /* NSDate+XMPPDateTimeProfiles.h */,
				988EF73C1ADAD6FD00ED30C2 /* NSDate+XMPPDateTimeProfiles.m */,
				988EF73D1ADAD6FD00ED30C2 /* XMPPDateTimeProfiles.h */,
				988EF73E1ADAD6FD00ED30C2 /* XMPPDateTimeProfiles.m */,
			);
			path = "XEP-0082";
			sourceTree = "<group>";
		};
		988EF7411ADAD74A00ED30C2 /* CoreDataStorage */ = {
			isa = PBXGroup;
			children = (
				988EF7421ADAD74A00ED30C2 /* XMPPCoreDataStorage.h */,
				988EF7431ADAD74A00ED30C2 /* XMPPCoreDataStorage.m */,
				988EF7441ADAD74A00ED30C2 /* XMPPCoreDataStorageProtected.h */,
			);
			path = CoreDataStorage;
			sourceTree = "<group>";
		};
		989510A31AE00BE200CA51A4 /* Devices */ = {
			isa = PBXGroup;
			children = (
				988EF7481ADAFB6300ED30C2 /* EV3Device.h */,
				988EF7491ADAFB6300ED30C2 /* EV3Device.m */,
				988933431AE2BCD1003DC7B7 /* EV3ValueRange.h */,
			);
			name = Devices;
			sourceTree = "<group>";
		};
		98E043B91ADD67B000AD9F5B /* Plot */ = {
			isa = PBXGroup;
			children = (
				98E043BD1ADD67E500AD9F5B /* PlotItem.h */,
				98E043BE1ADD67E500AD9F5B /* PlotItem.m */,
				98E043BA1ADD67CA00AD9F5B /* RealTimePlot.h */,
				98E043BB1ADD67CA00AD9F5B /* RealTimePlot.m */,
			);
			name = Plot;
			sourceTree = "<group>";
		};
/* End PBXGroup section */

/* Begin PBXNativeTarget section */
		984FC92D1AD5C402002B3233 /* ev3_cc */ = {
			isa = PBXNativeTarget;
			buildConfigurationList = 984FC94E1AD5C402002B3233 /* Build configuration list for PBXNativeTarget "ev3_cc" */;
			buildPhases = (
				984FC92A1AD5C402002B3233 /* Sources */,
				984FC92B1AD5C402002B3233 /* Frameworks */,
				984FC92C1AD5C402002B3233 /* Resources */,
				98E043C01ADD697700AD9F5B /* CopyFiles */,
			);
			buildRules = (
			);
			dependencies = (
			);
			name = ev3_cc;
			productName = ev3_cc;
			productReference = 984FC92E1AD5C402002B3233 /* ev3_cc.app */;
			productType = "com.apple.product-type.application";
		};
		984FC9431AD5C402002B3233 /* ev3_ccTests */ = {
			isa = PBXNativeTarget;
			buildConfigurationList = 984FC9511AD5C402002B3233 /* Build configuration list for PBXNativeTarget "ev3_ccTests" */;
			buildPhases = (
				984FC9401AD5C402002B3233 /* Sources */,
				984FC9411AD5C402002B3233 /* Frameworks */,
				984FC9421AD5C402002B3233 /* Resources */,
			);
			buildRules = (
			);
			dependencies = (
				984FC9461AD5C402002B3233 /* PBXTargetDependency */,
			);
			name = ev3_ccTests;
			productName = ev3_ccTests;
			productReference = 984FC9441AD5C402002B3233 /* ev3_ccTests.xctest */;
			productType = "com.apple.product-type.bundle.unit-test";
		};
/* End PBXNativeTarget section */

/* Begin PBXProject section */
		984FC9261AD5C402002B3233 /* Project object */ = {
			isa = PBXProject;
			attributes = {
				LastUpgradeCheck = 0620;
				ORGANIZATIONNAME = bhyzy;
				TargetAttributes = {
					984FC92D1AD5C402002B3233 = {
						CreatedOnToolsVersion = 6.2;
					};
					984FC9431AD5C402002B3233 = {
						CreatedOnToolsVersion = 6.2;
						TestTargetID = 984FC92D1AD5C402002B3233;
					};
				};
			};
			buildConfigurationList = 984FC9291AD5C402002B3233 /* Build configuration list for PBXProject "ev3_cc" */;
			compatibilityVersion = "Xcode 3.2";
			developmentRegion = English;
			hasScannedForEncodings = 0;
			knownRegions = (
				en,
				Base,
			);
			mainGroup = 984FC9251AD5C402002B3233;
			productRefGroup = 984FC92F1AD5C402002B3233 /* Products */;
			projectDirPath = "";
			projectRoot = "";
			targets = (
				984FC92D1AD5C402002B3233 /* ev3_cc */,
				984FC9431AD5C402002B3233 /* ev3_ccTests */,
			);
		};
/* End PBXProject section */

/* Begin PBXResourcesBuildPhase section */
		984FC92C1AD5C402002B3233 /* Resources */ = {
			isa = PBXResourcesBuildPhase;
			buildActionMask = 2147483647;
			files = (
				984FC93C1AD5C402002B3233 /* Images.xcassets in Resources */,
				984FC9881AD5C622002B3233 /* README.txt in Resources */,
				984FC93F1AD5C402002B3233 /* Main.storyboard in Resources */,
			);
			runOnlyForDeploymentPostprocessing = 0;
		};
		984FC9421AD5C402002B3233 /* Resources */ = {
			isa = PBXResourcesBuildPhase;
			buildActionMask = 2147483647;
			files = (
			);
			runOnlyForDeploymentPostprocessing = 0;
		};
/* End PBXResourcesBuildPhase section */

/* Begin PBXSourcesBuildPhase section */
		984FC92A1AD5C402002B3233 /* Sources */ = {
			isa = PBXSourcesBuildPhase;
			buildActionMask = 2147483647;
			files = (
				988EF72B1ADAD68600ED30C2 /* XMPPRoomOccupantCoreDataStorageObject.m in Sources */,
				984FC9E71AD5C767002B3233 /* RFImageToDataTransformer.m in Sources */,
				984FC9DB1AD5C767002B3233 /* NSNumber+XMPP.m in Sources */,
				988EF7451ADAD74A00ED30C2 /* XMPPCoreDataStorage.m in Sources */,
				984FC9DC1AD5C767002B3233 /* NSXMLElement+XMPP.m in Sources */,
				984FC9E11AD5C767002B3233 /* XMPPModule.m in Sources */,
				988EF7291ADAD68600ED30C2 /* XMPPRoomCoreDataStorage.m in Sources */,
				988EF72A1ADAD68600ED30C2 /* XMPPRoomMessageCoreDataStorageObject.m in Sources */,
				984FC9E91AD5C767002B3233 /* XMPPSRVResolver.m in Sources */,
				984FC9E81AD5C767002B3233 /* XMPPIDTracker.m in Sources */,
				988EF7311ADAD68600ED30C2 /* XMPPRoomMessageMemoryStorageObject.m in Sources */,
				98E043BC1ADD67CA00AD9F5B /* RealTimePlot.m in Sources */,
				984FC9841AD5C622002B3233 /* DDLog.m in Sources */,
				984FC9851AD5C622002B3233 /* DDTTYLogger.m in Sources */,
				984FC9D41AD5C767002B3233 /* XMPPDeprecatedDigestAuthentication.m in Sources */,
				98E043BF1ADD67E500AD9F5B /* PlotItem.m in Sources */,
				984FC9D81AD5C767002B3233 /* XMPPXFacebookPlatformAuthentication.m in Sources */,
				984FC9831AD5C622002B3233 /* DDFileLogger.m in Sources */,
				984FC9E01AD5C767002B3233 /* XMPPMessage.m in Sources */,
				984FC9371AD5C402002B3233 /* main.m in Sources */,
				984FC9871AD5C622002B3233 /* DispatchQueueLogFormatter.m in Sources */,
				984FC9811AD5C622002B3233 /* DDAbstractDatabaseLogger.m in Sources */,
				988EF6C81ADA971E00ED30C2 /* SignInViewController.m in Sources */,
				988EF7391ADAD6BE00ED30C2 /* NSXMLElement+XEP_0203.m in Sources */,
				984FC9351AD5C402002B3233 /* AppDelegate.m in Sources */,
				984FC9821AD5C622002B3233 /* DDASLLogger.m in Sources */,
				984FC9E31AD5C767002B3233 /* XMPPPresence.m in Sources */,
				988EF73F1ADAD6FD00ED30C2 /* NSDate+XMPPDateTimeProfiles.m in Sources */,
				988EF6CB1ADA972E00ED30C2 /* DashboardViewController.m in Sources */,
				988EF72E1ADAD68600ED30C2 /* XMPPRoomMessageHybridCoreDataStorageObject.m in Sources */,
				984FC9DE1AD5C767002B3233 /* XMPPIQ.m in Sources */,
				984FC98C1AD5C65E002B3233 /* GCDAsyncSocket.m in Sources */,
				988EF7331ADAD68600ED30C2 /* XMPPMessage+XEP0045.m in Sources */,
				984FC9D31AD5C767002B3233 /* XMPPAnonymousAuthentication.m in Sources */,
				984FC9E51AD5C767002B3233 /* DDList.m in Sources */,
				984FC9E21AD5C767002B3233 /* XMPPParser.m in Sources */,
				988EF7351ADAD68600ED30C2 /* XMPPRoom.m in Sources */,
				984FC9E41AD5C767002B3233 /* XMPPStream.m in Sources */,
				988EF7281ADAD68600ED30C2 /* XMPPRoom.xcdatamodeld in Sources */,
				988EF7401ADAD6FD00ED30C2 /* XMPPDateTimeProfiles.m in Sources */,
				984FC9DF1AD5C767002B3233 /* XMPPJID.m in Sources */,
				984FC9D91AD5C767002B3233 /* XMPPXOAuth2Google.m in Sources */,
				98514A421ADC592500A74087 /* DeviceViewController.m in Sources */,
				984FC9D51AD5C767002B3233 /* XMPPDeprecatedPlainAuthentication.m in Sources */,
				984FC9DD1AD5C767002B3233 /* XMPPElement.m in Sources */,
				988EF7341ADAD68600ED30C2 /* XMPPMUC.m in Sources */,
				984FC9D71AD5C767002B3233 /* XMPPPlainAuthentication.m in Sources */,
				988EF72F1ADAD68600ED30C2 /* XMPPRoomOccupantHybridMemoryStorageObject.m in Sources */,
				984FC9E61AD5C767002B3233 /* GCDMulticastDelegate.m in Sources */,
				984FC9DA1AD5C767002B3233 /* NSData+XMPP.m in Sources */,
				988EF72D1ADAD68600ED30C2 /* XMPPRoomHybridStorage.m in Sources */,
				984FC9D61AD5C767002B3233 /* XMPPDigestMD5Authentication.m in Sources */,
				988EF72C1ADAD68600ED30C2 /* XMPPRoomHybrid.xcdatamodeld in Sources */,
				984FC9EA1AD5C767002B3233 /* XMPPStringPrep.m in Sources */,
				988EF7321ADAD68600ED30C2 /* XMPPRoomOccupantMemoryStorageObject.m in Sources */,
				988EF74A1ADAFB6300ED30C2 /* EV3Device.m in Sources */,
				984FC9861AD5C622002B3233 /* ContextFilterLogFormatter.m in Sources */,
				988EF7301ADAD68600ED30C2 /* XMPPRoomMemoryStorage.m in Sources */,
			);
			runOnlyForDeploymentPostprocessing = 0;
		};
		984FC9401AD5C402002B3233 /* Sources */ = {
			isa = PBXSourcesBuildPhase;
			buildActionMask = 2147483647;
			files = (
				984FC94B1AD5C402002B3233 /* ev3_ccTests.m in Sources */,
			);
			runOnlyForDeploymentPostprocessing = 0;
		};
/* End PBXSourcesBuildPhase section */

/* Begin PBXTargetDependency section */
		984FC9461AD5C402002B3233 /* PBXTargetDependency */ = {
			isa = PBXTargetDependency;
			target = 984FC92D1AD5C402002B3233 /* ev3_cc */;
			targetProxy = 984FC9451AD5C402002B3233 /* PBXContainerItemProxy */;
		};
/* End PBXTargetDependency section */

/* Begin PBXVariantGroup section */
		984FC93D1AD5C402002B3233 /* Main.storyboard */ = {
			isa = PBXVariantGroup;
			children = (
				984FC93E1AD5C402002B3233 /* Base */,
			);
			name = Main.storyboard;
			sourceTree = "<group>";
		};
/* End PBXVariantGroup section */

/* Begin XCBuildConfiguration section */
		984FC94C1AD5C402002B3233 /* Debug */ = {
			isa = XCBuildConfiguration;
			buildSettings = {
				ALWAYS_SEARCH_USER_PATHS = NO;
				CLANG_CXX_LANGUAGE_STANDARD = "gnu++0x";
				CLANG_CXX_LIBRARY = "libc++";
				CLANG_ENABLE_MODULES = YES;
				CLANG_ENABLE_OBJC_ARC = YES;
				CLANG_WARN_BOOL_CONVERSION = YES;
				CLANG_WARN_CONSTANT_CONVERSION = YES;
				CLANG_WARN_DIRECT_OBJC_ISA_USAGE = YES_ERROR;
				CLANG_WARN_EMPTY_BODY = YES;
				CLANG_WARN_ENUM_CONVERSION = YES;
				CLANG_WARN_INT_CONVERSION = YES;
				CLANG_WARN_OBJC_ROOT_CLASS = YES_ERROR;
				CLANG_WARN_UNREACHABLE_CODE = YES;
				CLANG_WARN__DUPLICATE_METHOD_MATCH = YES;
				CODE_SIGN_IDENTITY = "-";
				COPY_PHASE_STRIP = NO;
				ENABLE_STRICT_OBJC_MSGSEND = YES;
				GCC_C_LANGUAGE_STANDARD = gnu99;
				GCC_DYNAMIC_NO_PIC = NO;
				GCC_OPTIMIZATION_LEVEL = 0;
				GCC_PREPROCESSOR_DEFINITIONS = (
					"DEBUG=1",
					"$(inherited)",
				);
				GCC_SYMBOLS_PRIVATE_EXTERN = NO;
				GCC_WARN_64_TO_32_BIT_CONVERSION = YES;
				GCC_WARN_ABOUT_RETURN_TYPE = YES_ERROR;
				GCC_WARN_UNDECLARED_SELECTOR = YES;
				GCC_WARN_UNINITIALIZED_AUTOS = YES_AGGRESSIVE;
				GCC_WARN_UNUSED_FUNCTION = YES;
				GCC_WARN_UNUSED_VARIABLE = YES;
				MACOSX_DEPLOYMENT_TARGET = 10.10;
				MTL_ENABLE_DEBUG_INFO = YES;
				ONLY_ACTIVE_ARCH = YES;
				SDKROOT = macosx;
			};
			name = Debug;
		};
		984FC94D1AD5C402002B3233 /* Release */ = {
			isa = XCBuildConfiguration;
			buildSettings = {
				ALWAYS_SEARCH_USER_PATHS = NO;
				CLANG_CXX_LANGUAGE_STANDARD = "gnu++0x";
				CLANG_CXX_LIBRARY = "libc++";
				CLANG_ENABLE_MODULES = YES;
				CLANG_ENABLE_OBJC_ARC = YES;
				CLANG_WARN_BOOL_CONVERSION = YES;
				CLANG_WARN_CONSTANT_CONVERSION = YES;
				CLANG_WARN_DIRECT_OBJC_ISA_USAGE = YES_ERROR;
				CLANG_WARN_EMPTY_BODY = YES;
				CLANG_WARN_ENUM_CONVERSION = YES;
				CLANG_WARN_INT_CONVERSION = YES;
				CLANG_WARN_OBJC_ROOT_CLASS = YES_ERROR;
				CLANG_WARN_UNREACHABLE_CODE = YES;
				CLANG_WARN__DUPLICATE_METHOD_MATCH = YES;
				CODE_SIGN_IDENTITY = "-";
				COPY_PHASE_STRIP = NO;
				DEBUG_INFORMATION_FORMAT = "dwarf-with-dsym";
				ENABLE_NS_ASSERTIONS = NO;
				ENABLE_STRICT_OBJC_MSGSEND = YES;
				GCC_C_LANGUAGE_STANDARD = gnu99;
				GCC_WARN_64_TO_32_BIT_CONVERSION = YES;
				GCC_WARN_ABOUT_RETURN_TYPE = YES_ERROR;
				GCC_WARN_UNDECLARED_SELECTOR = YES;
				GCC_WARN_UNINITIALIZED_AUTOS = YES_AGGRESSIVE;
				GCC_WARN_UNUSED_FUNCTION = YES;
				GCC_WARN_UNUSED_VARIABLE = YES;
				MACOSX_DEPLOYMENT_TARGET = 10.10;
				MTL_ENABLE_DEBUG_INFO = NO;
				SDKROOT = macosx;
			};
			name = Release;
		};
		984FC94F1AD5C402002B3233 /* Debug */ = {
			isa = XCBuildConfiguration;
			buildSettings = {
				ASSETCATALOG_COMPILER_APPICON_NAME = AppIcon;
				COMBINE_HIDPI_IMAGES = YES;
				FRAMEWORK_SEARCH_PATHS = (
					"$(inherited)",
					"$(PROJECT_DIR)/ev3_cc/CorePlot",
				);
				HEADER_SEARCH_PATHS = (
					"$(inherited)",
					/Applications/Xcode.app/Contents/Developer/Toolchains/XcodeDefault.xctoolchain/usr/include,
					/usr/include/libxml2,
				);
				INFOPLIST_FILE = ev3_cc/Info.plist;
				LD_RUNPATH_SEARCH_PATHS = "$(inherited) @executable_path/../Frameworks";
				LIBRARY_SEARCH_PATHS = (
					"$(inherited)",
					"$(PROJECT_DIR)/ev3_cc/XMPP_Framework/Vendor/libidn",
				);
				OTHER_LDFLAGS = "-lxml2";
				PRODUCT_NAME = "$(TARGET_NAME)";
			};
			name = Debug;
		};
		984FC9501AD5C402002B3233 /* Release */ = {
			isa = XCBuildConfiguration;
			buildSettings = {
				ASSETCATALOG_COMPILER_APPICON_NAME = AppIcon;
				COMBINE_HIDPI_IMAGES = YES;
				FRAMEWORK_SEARCH_PATHS = (
					"$(inherited)",
					"$(PROJECT_DIR)/ev3_cc/CorePlot",
				);
				HEADER_SEARCH_PATHS = (
					"$(inherited)",
					/Applications/Xcode.app/Contents/Developer/Toolchains/XcodeDefault.xctoolchain/usr/include,
					/usr/include/libxml2,
				);
				INFOPLIST_FILE = ev3_cc/Info.plist;
				LD_RUNPATH_SEARCH_PATHS = "$(inherited) @executable_path/../Frameworks";
				LIBRARY_SEARCH_PATHS = (
					"$(inherited)",
					"$(PROJECT_DIR)/ev3_cc/XMPP_Framework/Vendor/libidn",
				);
				OTHER_LDFLAGS = "-lxml2";
				PRODUCT_NAME = "$(TARGET_NAME)";
			};
			name = Release;
		};
		984FC9521AD5C402002B3233 /* Debug */ = {
			isa = XCBuildConfiguration;
			buildSettings = {
				BUNDLE_LOADER = "$(TEST_HOST)";
				COMBINE_HIDPI_IMAGES = YES;
				FRAMEWORK_SEARCH_PATHS = (
					"$(DEVELOPER_FRAMEWORKS_DIR)",
					"$(inherited)",
				);
				GCC_PREPROCESSOR_DEFINITIONS = (
					"DEBUG=1",
					"$(inherited)",
				);
				INFOPLIST_FILE = ev3_ccTests/Info.plist;
				LD_RUNPATH_SEARCH_PATHS = "$(inherited) @executable_path/../Frameworks @loader_path/../Frameworks";
				PRODUCT_NAME = "$(TARGET_NAME)";
				TEST_HOST = "$(BUILT_PRODUCTS_DIR)/ev3_cc.app/Contents/MacOS/ev3_cc";
			};
			name = Debug;
		};
		984FC9531AD5C402002B3233 /* Release */ = {
			isa = XCBuildConfiguration;
			buildSettings = {
				BUNDLE_LOADER = "$(TEST_HOST)";
				COMBINE_HIDPI_IMAGES = YES;
				FRAMEWORK_SEARCH_PATHS = (
					"$(DEVELOPER_FRAMEWORKS_DIR)",
					"$(inherited)",
				);
				INFOPLIST_FILE = ev3_ccTests/Info.plist;
				LD_RUNPATH_SEARCH_PATHS = "$(inherited) @executable_path/../Frameworks @loader_path/../Frameworks";
				PRODUCT_NAME = "$(TARGET_NAME)";
				TEST_HOST = "$(BUILT_PRODUCTS_DIR)/ev3_cc.app/Contents/MacOS/ev3_cc";
			};
			name = Release;
		};
/* End XCBuildConfiguration section */

/* Begin XCConfigurationList section */
		984FC9291AD5C402002B3233 /* Build configuration list for PBXProject "ev3_cc" */ = {
			isa = XCConfigurationList;
			buildConfigurations = (
				984FC94C1AD5C402002B3233 /* Debug */,
				984FC94D1AD5C402002B3233 /* Release */,
			);
			defaultConfigurationIsVisible = 0;
			defaultConfigurationName = Release;
		};
		984FC94E1AD5C402002B3233 /* Build configuration list for PBXNativeTarget "ev3_cc" */ = {
			isa = XCConfigurationList;
			buildConfigurations = (
				984FC94F1AD5C402002B3233 /* Debug */,
				984FC9501AD5C402002B3233 /* Release */,
			);
			defaultConfigurationIsVisible = 0;
			defaultConfigurationName = Release;
		};
		984FC9511AD5C402002B3233 /* Build configuration list for PBXNativeTarget "ev3_ccTests" */ = {
			isa = XCConfigurationList;
			buildConfigurations = (
				984FC9521AD5C402002B3233 /* Debug */,
				984FC9531AD5C402002B3233 /* Release */,
			);
			defaultConfigurationIsVisible = 0;
			defaultConfigurationName = Release;
		};
/* End XCConfigurationList section */

/* Begin XCVersionGroup section */
		988EF7061ADAD68600ED30C2 /* XMPPRoom.xcdatamodeld */ = {
			isa = XCVersionGroup;
			children = (
				988EF7071ADAD68600ED30C2 /* XMPPRoom.xcdatamodel */,
			);
			currentVersion = 988EF7071ADAD68600ED30C2 /* XMPPRoom.xcdatamodel */;
			path = XMPPRoom.xcdatamodeld;
			sourceTree = "<group>";
			versionGroupType = wrapper.xcdatamodel;
		};
		988EF70F1ADAD68600ED30C2 /* XMPPRoomHybrid.xcdatamodeld */ = {
			isa = XCVersionGroup;
			children = (
				988EF7101ADAD68600ED30C2 /* XMPPRoomHybrid.xcdatamodel */,
			);
			currentVersion = 988EF7101ADAD68600ED30C2 /* XMPPRoomHybrid.xcdatamodel */;
			path = XMPPRoomHybrid.xcdatamodeld;
			sourceTree = "<group>";
			versionGroupType = wrapper.xcdatamodel;
		};
/* End XCVersionGroup section */
	};
	rootObject = 984FC9261AD5C402002B3233 /* Project object */;
}
